{
  "version": 4,
  "terraform_version": "1.0.0",
  "serial": 9,
  "lineage": "4051d634-baa7-dd9e-6ef5-b06ffa108089",
  "outputs": {},
  "resources": [
    {
      "mode": "data",
      "type": "aws_eks_cluster",
      "name": "cluster",
      "provider": "provider[\"registry.terraform.io/hashicorp/aws\"]",
      "instances": [
        {
          "schema_version": 0,
          "attributes": {
            "arn": "arn:aws:eks:us-west-2:889146076393:cluster/test-eks-dev",
            "certificate_authority": [
              {
                "data": "LS0tLS1CRUdJTiBDRVJUSUZJQ0FURS0tLS0tCk1JSUM1ekNDQWMrZ0F3SUJBZ0lCQURBTkJna3Foa2lHOXcwQkFRc0ZBREFWTVJNd0VRWURWUVFERXdwcmRXSmwKY201bGRHVnpNQjRYRFRJeE1EY3dPVEEzTkRjeE0xb1hEVE14TURjd056QTNORGN4TTFvd0ZURVRNQkVHQTFVRQpBeE1LYTNWaVpYSnVaWFJsY3pDQ0FTSXdEUVlKS29aSWh2Y05BUUVCQlFBRGdnRVBBRENDQVFvQ2dnRUJBS3JrCnZjaVNDZERaMjMvSGFWbHFZL1hIbHlOcnIvMVlNNmxrNnVJb0R6Umdxc255M2poTTFRZC9LaXgrTFZnYkxDaFcKOFRYeUQxRVlZMGlRMi9zUmJ4MzlrS3pLcXdtNFRDdGd3b2hYcVdZUFREZEN4ZXV6cnExSVdBbjNSMGFCV3Vmcwp6RVVIYitCN2FySFNkaGl5bEIyeVZhZ0x4NzFXMk5kZG1JRlFFcWhIdytGd3VtOHR3SmtlUWVRZllqeGlXWjhvCnlUNTlvbXd3aDFUMVNIOEQzc0RaazcvdWNZUEF2a3JTSDNiMFgxUmVTZUx6SnZQbGFlTEhMWGsvOEVRd3oraTIKdEJXS05vbVJGVDVEcXZTeXpoRW1LYWtEOWNLUElZaHlzNUJ0L3FJdkFzSkQxSWlTUE1KV0dPL1dqclJ3WkNnWQphTm1UcmZ4RVUrN0ZtWmRpZnNNQ0F3RUFBYU5DTUVBd0RnWURWUjBQQVFIL0JBUURBZ0trTUE4R0ExVWRFd0VCCi93UUZNQU1CQWY4d0hRWURWUjBPQkJZRUZPb00vcUg2SWI3eEY0YlBEQ2M3OUlCL0svcCtNQTBHQ1NxR1NJYjMKRFFFQkN3VUFBNElCQVFCdWJVbUk2QWFJQ1RaejgvRnNPRnkyUnRTME4xUFdXcFNtMnhoc1RNclY2QmZHcGZsaQpiRU1FbDRlaElWR0hRYmFDQndxQWY3bFlOZDF6TnhQQnpVUTk2a25DN1JBNXJuellCaFZ5U2xuUUk1U2JYbVp4CnZrK1hiUzF2TlBsRlFDVlpFWC96SGFIT00zdWw4Q1dueFZxMi9ZR3BvMHFsVnd4dkdhcms2VHhSZzIvUVRIUnAKaW1UWEtnS09yRVBPWjk1Qy9MMHp3Ny9xcVRSZFJ5YXhNaFF1OE5tS3BheGp2TE04c2tzWk5IWFlwd1pLUVZueApkVXY1NThGSW44a0NMWFlVT3gwMU84UG1zV2RxYjFZV0k5RFFZeUFqRmg4dzhDV0tWM2NLYkh4cFBkUTdTSzdYCko4bHZGWkM4K1RCcVlhSHMxeXhwRDhNMWZsWXRucWxnVHYycgotLS0tLUVORCBDRVJUSUZJQ0FURS0tLS0tCg=="
              }
            ],
            "created_at": "2021-07-09 07:41:28.283 +0000 UTC",
            "enabled_cluster_log_types": [
              "api",
              "audit",
              "authenticator",
              "controllerManager",
              "scheduler"
            ],
            "endpoint": "https://051D853BF467DF8895A57174CE9F00F7.gr7.us-west-2.eks.amazonaws.com",
            "id": "test-eks-dev",
            "identity": [
              {
                "oidc": [
                  {
                    "issuer": "https://oidc.eks.us-west-2.amazonaws.com/id/051D853BF467DF8895A57174CE9F00F7"
                  }
                ]
              }
            ],
            "kubernetes_network_config": [
              {
                "service_ipv4_cidr": "172.20.0.0/16"
              }
            ],
            "name": "test-eks-dev",
            "platform_version": "eks.5",
            "role_arn": "arn:aws:iam::889146076393:role/test-eks-eks-cluster-role",
            "status": "ACTIVE",
            "tags": {},
            "version": "1.19",
            "vpc_config": [
              {
                "cluster_security_group_id": "sg-0f80cc9828a8ebd92",
                "endpoint_private_access": true,
                "endpoint_public_access": true,
                "public_access_cidrs": [
                  "0.0.0.0/0"
                ],
                "security_group_ids": [],
                "subnet_ids": [
                  "subnet-02966b7b33ecd6b15",
                  "subnet-0b61db8b37bbeaaca"
                ],
                "vpc_id": "vpc-0b3ee06ddd76289c6"
              }
            ]
          },
          "sensitive_attributes": []
        }
      ]
    },
    {
      "mode": "data",
      "type": "aws_eks_cluster_auth",
      "name": "cluster",
      "provider": "provider[\"registry.terraform.io/hashicorp/aws\"]",
      "instances": [
        {
          "schema_version": 0,
          "attributes": {
            "id": "test-eks-dev",
            "name": "test-eks-dev",
            "token": "k8s-aws-v1.aHR0cHM6Ly9zdHMuYW1hem9uYXdzLmNvbS8_QWN0aW9uPUdldENhbGxlcklkZW50aXR5JlZlcnNpb249MjAxMS0wNi0xNSZYLUFtei1BbGdvcml0aG09QVdTNC1ITUFDLVNIQTI1NiZYLUFtei1DcmVkZW50aWFsPUFLSUE0NkJKNE5UVVg1SVRWUFBCJTJGMjAyMTA3MTAlMkZ1cy1lYXN0LTElMkZzdHMlMkZhd3M0X3JlcXVlc3QmWC1BbXotRGF0ZT0yMDIxMDcxMFQwNDU0NDVaJlgtQW16LUV4cGlyZXM9MCZYLUFtei1TaWduZWRIZWFkZXJzPWhvc3QlM0J4LWs4cy1hd3MtaWQmWC1BbXotU2lnbmF0dXJlPTYyZWQ2ZWVhYzU5MmU3ZjVkMDViMzFkYTNlN2U2NWJhODg3NTQ0MDI5ZThhNGFhYzczODQ2OTczNzgxYzNhYzk"
          },
          "sensitive_attributes": []
        }
      ]
    },
    {
      "mode": "data",
      "type": "aws_subnet",
      "name": "private_subnet",
      "provider": "provider[\"registry.terraform.io/hashicorp/aws\"]",
      "instances": [
        {
          "schema_version": 0,
          "attributes": {
            "arn": "arn:aws:ec2:us-west-2:889146076393:subnet/subnet-02966b7b33ecd6b15",
            "assign_ipv6_address_on_creation": false,
            "availability_zone": "us-west-2c",
            "availability_zone_id": "usw2-az3",
            "available_ip_address_count": 250,
            "cidr_block": "10.0.3.0/24",
            "customer_owned_ipv4_pool": "",
            "default_for_az": false,
            "filter": [
              {
                "name": "tag:Network",
                "values": [
                  "Private"
                ]
              }
            ],
            "id": "subnet-02966b7b33ecd6b15",
            "ipv6_cidr_block": null,
            "ipv6_cidr_block_association_id": null,
            "map_customer_owned_ip_on_launch": false,
            "map_public_ip_on_launch": false,
            "outpost_arn": "",
            "owner_id": "889146076393",
            "state": "available",
            "tags": {
              "Name": "private-subnet2c",
              "Network": "Private",
              "kubernetes.io/cluster/test-eks-dev": "shared",
              "kubernetes.io/role/internal-elb": "1"
            },
            "vpc_id": "vpc-0b3ee06ddd76289c6"
          },
          "sensitive_attributes": []
        }
      ]
    },
    {
      "mode": "data",
      "type": "aws_subnet",
      "name": "private_subnet1",
      "provider": "provider[\"registry.terraform.io/hashicorp/aws\"]",
      "instances": [
        {
          "schema_version": 0,
          "attributes": {
            "arn": "arn:aws:ec2:us-west-2:889146076393:subnet/subnet-0b61db8b37bbeaaca",
            "assign_ipv6_address_on_creation": false,
            "availability_zone": "us-west-2d",
            "availability_zone_id": "usw2-az4",
            "available_ip_address_count": 232,
            "cidr_block": "10.0.4.0/24",
            "customer_owned_ipv4_pool": "",
            "default_for_az": false,
            "filter": [
              {
                "name": "tag:Network",
                "values": [
                  "Private"
                ]
              }
            ],
            "id": "subnet-0b61db8b37bbeaaca",
            "ipv6_cidr_block": null,
            "ipv6_cidr_block_association_id": null,
            "map_customer_owned_ip_on_launch": false,
            "map_public_ip_on_launch": false,
            "outpost_arn": "",
            "owner_id": "889146076393",
            "state": "available",
            "tags": {
              "Name": "private-subnet2d",
              "Network": "Private",
              "kubernetes.io/cluster/test-eks-dev": "shared",
              "kubernetes.io/role/internal-elb": "1"
            },
            "vpc_id": "vpc-0b3ee06ddd76289c6"
          },
          "sensitive_attributes": []
        }
      ]
    },
    {
      "mode": "data",
      "type": "aws_subnet",
      "name": "public_subnet",
      "provider": "provider[\"registry.terraform.io/hashicorp/aws\"]",
      "instances": [
        {
          "schema_version": 0,
          "attributes": {
            "arn": "arn:aws:ec2:us-west-2:889146076393:subnet/subnet-0b8ea6cb864e04d9c",
            "assign_ipv6_address_on_creation": false,
            "availability_zone": "us-west-2a",
            "availability_zone_id": "usw2-az2",
            "available_ip_address_count": 249,
            "cidr_block": "10.0.1.0/24",
            "customer_owned_ipv4_pool": "",
            "default_for_az": false,
            "filter": [
              {
                "name": "tag:Network",
                "values": [
                  "Public"
                ]
              }
            ],
            "id": "subnet-0b8ea6cb864e04d9c",
            "ipv6_cidr_block": null,
            "ipv6_cidr_block_association_id": null,
            "map_customer_owned_ip_on_launch": false,
            "map_public_ip_on_launch": false,
            "outpost_arn": "",
            "owner_id": "889146076393",
            "state": "available",
            "tags": {
              "Name": "public-subnet2a",
              "Network": "Public",
              "kubernetes.io/cluster/test-eks-dev": "shared",
              "kubernetes.io/role/elb": "1"
            },
            "vpc_id": "vpc-0b3ee06ddd76289c6"
          },
          "sensitive_attributes": []
        }
      ]
    },
    {
      "mode": "data",
      "type": "aws_subnet",
      "name": "public_subnet1",
      "provider": "provider[\"registry.terraform.io/hashicorp/aws\"]",
      "instances": [
        {
          "schema_version": 0,
          "attributes": {
            "arn": "arn:aws:ec2:us-west-2:889146076393:subnet/subnet-00124b5cc599183f9",
            "assign_ipv6_address_on_creation": false,
            "availability_zone": "us-west-2b",
            "availability_zone_id": "usw2-az1",
            "available_ip_address_count": 251,
            "cidr_block": "10.0.2.0/24",
            "customer_owned_ipv4_pool": "",
            "default_for_az": false,
            "filter": [
              {
                "name": "tag:Network",
                "values": [
                  "Public"
                ]
              }
            ],
            "id": "subnet-00124b5cc599183f9",
            "ipv6_cidr_block": null,
            "ipv6_cidr_block_association_id": null,
            "map_customer_owned_ip_on_launch": false,
            "map_public_ip_on_launch": false,
            "outpost_arn": "",
            "owner_id": "889146076393",
            "state": "available",
            "tags": {
              "Name": "public-subnet2b",
              "Network": "Public",
              "kubernetes.io/cluster/test-eks-dev": "shared",
              "kubernetes.io/role/elb": "1"
            },
            "vpc_id": "vpc-0b3ee06ddd76289c6"
          },
          "sensitive_attributes": []
        }
      ]
    },
    {
      "mode": "data",
      "type": "aws_vpc",
      "name": "main",
      "provider": "provider[\"registry.terraform.io/hashicorp/aws\"]",
      "instances": [
        {
          "schema_version": 0,
          "attributes": {
            "arn": "arn:aws:ec2:us-west-2:889146076393:vpc/vpc-0b3ee06ddd76289c6",
            "cidr_block": "10.0.0.0/16",
            "cidr_block_associations": [
              {
                "association_id": "vpc-cidr-assoc-03a29ad94a333b03e",
                "cidr_block": "10.0.0.0/16",
                "state": "associated"
              }
            ],
            "default": false,
            "dhcp_options_id": "dopt-aa527cd2",
            "enable_dns_hostnames": false,
            "enable_dns_support": true,
            "filter": [
              {
                "name": "tag:Name",
                "values": [
                  "default-vpc"
                ]
              }
            ],
            "id": "vpc-0b3ee06ddd76289c6",
            "instance_tenancy": "default",
            "ipv6_association_id": null,
            "ipv6_cidr_block": null,
            "main_route_table_id": "rtb-0514f459b8d4a04fd",
            "owner_id": "889146076393",
            "state": "available",
            "tags": {
              "Name": "default-vpc"
            }
          },
          "sensitive_attributes": []
        }
      ]
    },
    {
      "mode": "managed",
      "type": "aws_cloudwatch_log_group",
      "name": "eks_cluster",
      "provider": "provider[\"registry.terraform.io/hashicorp/aws\"]",
      "instances": [
        {
          "schema_version": 0,
          "attributes": {
            "arn": "arn:aws:logs:us-west-2:889146076393:log-group:/aws/eks/test-eks-dev/cluster",
            "id": "/aws/eks/test-eks-dev/cluster",
            "kms_key_id": "",
            "name": "/aws/eks/test-eks-dev/cluster",
            "name_prefix": null,
            "retention_in_days": 30,
            "tags": {
              "Environment": "dev",
              "Name": "test-eks-dev-eks-cloudwatch-log-group"
            },
            "tags_all": {
              "Environment": "dev",
              "Name": "test-eks-dev-eks-cloudwatch-log-group"
            }
          },
          "sensitive_attributes": [],
          "private": "bnVsbA=="
        }
      ]
    },
    {
      "mode": "managed",
      "type": "aws_ecr_repository",
      "name": "repo",
      "provider": "provider[\"registry.terraform.io/hashicorp/aws\"]",
      "instances": [
        {
          "schema_version": 0,
          "attributes": {
            "arn": "arn:aws:ecr:us-west-2:889146076393:repository/test-eks",
            "encryption_configuration": [
              {
                "encryption_type": "AES256",
                "kms_key": ""
              }
            ],
            "id": "test-eks",
            "image_scanning_configuration": [
              {
                "scan_on_push": true
              }
            ],
            "image_tag_mutability": "MUTABLE",
            "name": "test-eks",
            "registry_id": "889146076393",
            "repository_url": "889146076393.dkr.ecr.us-west-2.amazonaws.com/test-eks",
            "tags": {},
            "tags_all": {},
            "timeouts": null
          },
          "sensitive_attributes": [],
          "private": "eyJlMmJmYjczMC1lY2FhLTExZTYtOGY4OC0zNDM2M2JjN2M0YzAiOnsiZGVsZXRlIjoxMjAwMDAwMDAwMDAwfX0="
        }
      ]
    },
    {
      "mode": "managed",
      "type": "aws_eks_cluster",
      "name": "main",
      "provider": "provider[\"registry.terraform.io/hashicorp/aws\"]",
      "instances": [
        {
          "schema_version": 0,
          "attributes": {
            "arn": "arn:aws:eks:us-west-2:889146076393:cluster/test-eks-dev",
            "certificate_authority": [
              {
                "data": "LS0tLS1CRUdJTiBDRVJUSUZJQ0FURS0tLS0tCk1JSUM1ekNDQWMrZ0F3SUJBZ0lCQURBTkJna3Foa2lHOXcwQkFRc0ZBREFWTVJNd0VRWURWUVFERXdwcmRXSmwKY201bGRHVnpNQjRYRFRJeE1EY3dPVEEzTkRjeE0xb1hEVE14TURjd056QTNORGN4TTFvd0ZURVRNQkVHQTFVRQpBeE1LYTNWaVpYSnVaWFJsY3pDQ0FTSXdEUVlKS29aSWh2Y05BUUVCQlFBRGdnRVBBRENDQVFvQ2dnRUJBS3JrCnZjaVNDZERaMjMvSGFWbHFZL1hIbHlOcnIvMVlNNmxrNnVJb0R6Umdxc255M2poTTFRZC9LaXgrTFZnYkxDaFcKOFRYeUQxRVlZMGlRMi9zUmJ4MzlrS3pLcXdtNFRDdGd3b2hYcVdZUFREZEN4ZXV6cnExSVdBbjNSMGFCV3Vmcwp6RVVIYitCN2FySFNkaGl5bEIyeVZhZ0x4NzFXMk5kZG1JRlFFcWhIdytGd3VtOHR3SmtlUWVRZllqeGlXWjhvCnlUNTlvbXd3aDFUMVNIOEQzc0RaazcvdWNZUEF2a3JTSDNiMFgxUmVTZUx6SnZQbGFlTEhMWGsvOEVRd3oraTIKdEJXS05vbVJGVDVEcXZTeXpoRW1LYWtEOWNLUElZaHlzNUJ0L3FJdkFzSkQxSWlTUE1KV0dPL1dqclJ3WkNnWQphTm1UcmZ4RVUrN0ZtWmRpZnNNQ0F3RUFBYU5DTUVBd0RnWURWUjBQQVFIL0JBUURBZ0trTUE4R0ExVWRFd0VCCi93UUZNQU1CQWY4d0hRWURWUjBPQkJZRUZPb00vcUg2SWI3eEY0YlBEQ2M3OUlCL0svcCtNQTBHQ1NxR1NJYjMKRFFFQkN3VUFBNElCQVFCdWJVbUk2QWFJQ1RaejgvRnNPRnkyUnRTME4xUFdXcFNtMnhoc1RNclY2QmZHcGZsaQpiRU1FbDRlaElWR0hRYmFDQndxQWY3bFlOZDF6TnhQQnpVUTk2a25DN1JBNXJuellCaFZ5U2xuUUk1U2JYbVp4CnZrK1hiUzF2TlBsRlFDVlpFWC96SGFIT00zdWw4Q1dueFZxMi9ZR3BvMHFsVnd4dkdhcms2VHhSZzIvUVRIUnAKaW1UWEtnS09yRVBPWjk1Qy9MMHp3Ny9xcVRSZFJ5YXhNaFF1OE5tS3BheGp2TE04c2tzWk5IWFlwd1pLUVZueApkVXY1NThGSW44a0NMWFlVT3gwMU84UG1zV2RxYjFZV0k5RFFZeUFqRmg4dzhDV0tWM2NLYkh4cFBkUTdTSzdYCko4bHZGWkM4K1RCcVlhSHMxeXhwRDhNMWZsWXRucWxnVHYycgotLS0tLUVORCBDRVJUSUZJQ0FURS0tLS0tCg=="
              }
            ],
            "created_at": "2021-07-09 07:41:28.283 +0000 UTC",
            "enabled_cluster_log_types": [
              "api",
              "audit",
              "authenticator",
              "controllerManager",
              "scheduler"
            ],
            "encryption_config": [],
            "endpoint": "https://051D853BF467DF8895A57174CE9F00F7.gr7.us-west-2.eks.amazonaws.com",
            "id": "test-eks-dev",
            "identity": [
              {
                "oidc": [
                  {
                    "issuer": "https://oidc.eks.us-west-2.amazonaws.com/id/051D853BF467DF8895A57174CE9F00F7"
                  }
                ]
              }
            ],
            "kubernetes_network_config": [
              {
                "service_ipv4_cidr": "172.20.0.0/16"
              }
            ],
            "name": "test-eks-dev",
            "platform_version": "eks.5",
            "role_arn": "arn:aws:iam::889146076393:role/test-eks-eks-cluster-role",
            "status": "ACTIVE",
            "tags": {},
            "tags_all": {},
            "timeouts": {
              "create": null,
              "delete": "30m",
              "update": null
            },
            "version": "1.19",
            "vpc_config": [
              {
                "cluster_security_group_id": "sg-0f80cc9828a8ebd92",
                "endpoint_private_access": true,
                "endpoint_public_access": true,
                "public_access_cidrs": [
                  "0.0.0.0/0"
                ],
                "security_group_ids": [],
                "subnet_ids": [
                  "subnet-02966b7b33ecd6b15",
                  "subnet-0b61db8b37bbeaaca"
                ],
                "vpc_id": "vpc-0b3ee06ddd76289c6"
              }
            ]
          },
          "sensitive_attributes": [],
          "private": "eyJlMmJmYjczMC1lY2FhLTExZTYtOGY4OC0zNDM2M2JjN2M0YzAiOnsiY3JlYXRlIjoxODAwMDAwMDAwMDAwLCJkZWxldGUiOjE4MDAwMDAwMDAwMDAsInVwZGF0ZSI6MzYwMDAwMDAwMDAwMH19",
          "dependencies": [
            "aws_cloudwatch_log_group.eks_cluster",
            "aws_iam_role.fargate_pod_execution_role",
            "data.aws_subnet.private_subnet1",
            "data.aws_subnet.private_subnet",
            "data.aws_vpc.main",
            "aws_iam_role.eks_cluster_role",
            "aws_iam_role.jenkinsrole",
            "aws_iam_role_policy_attachment.AmazonEKSClusterPolicy",
            "aws_iam_role_policy_attachment.AmazonEKSServicePolicy"
          ]
        }
      ]
    },
    {
      "mode": "managed",
      "type": "aws_eks_fargate_profile",
      "name": "main",
      "provider": "provider[\"registry.terraform.io/hashicorp/aws\"]",
      "instances": [
        {
          "schema_version": 0,
          "attributes": {
            "arn": "arn:aws:eks:us-west-2:889146076393:fargateprofile/test-eks-dev/fp-default/d4bd4521-8463-cac1-c961-4047fcafa6cc",
            "cluster_name": "test-eks-dev",
            "fargate_profile_name": "fp-default",
            "id": "test-eks-dev:fp-default",
            "pod_execution_role_arn": "arn:aws:iam::889146076393:role/test-eks-eks-fargate-pod-execution-role",
            "selector": [
              {
                "labels": {},
                "namespace": "default"
              },
              {
                "labels": {},
                "namespace": "nginx"
              }
            ],
            "status": "ACTIVE",
            "subnet_ids": [
              "subnet-02966b7b33ecd6b15",
              "subnet-0b61db8b37bbeaaca"
            ],
            "tags": {},
            "tags_all": {},
            "timeouts": null
          },
          "sensitive_attributes": [],
          "private": "eyJlMmJmYjczMC1lY2FhLTExZTYtOGY4OC0zNDM2M2JjN2M0YzAiOnsiY3JlYXRlIjo2MDAwMDAwMDAwMDAsImRlbGV0ZSI6NjAwMDAwMDAwMDAwfX0=",
          "dependencies": [
            "aws_iam_role.eks_cluster_role",
            "aws_iam_role.jenkinsrole",
            "aws_iam_role_policy_attachment.AmazonEKSClusterPolicy",
            "aws_iam_role_policy_attachment.AmazonEKSServicePolicy",
            "data.aws_vpc.main",
            "aws_cloudwatch_log_group.eks_cluster",
            "aws_eks_cluster.main",
            "aws_iam_role.fargate_pod_execution_role",
            "data.aws_subnet.private_subnet",
            "data.aws_subnet.private_subnet1"
          ]
        }
      ]
    },
    {
      "mode": "managed",
      "type": "aws_eks_node_group",
      "name": "main",
      "provider": "provider[\"registry.terraform.io/hashicorp/aws\"]",
      "instances": [
        {
          "schema_version": 0,
          "attributes": {
            "ami_type": "AL2_x86_64",
            "arn": "arn:aws:eks:us-west-2:889146076393:nodegroup/test-eks-dev/test-eks/eabd4762-736a-0722-e22e-f46c9cffada9",
            "capacity_type": "ON_DEMAND",
            "cluster_name": "test-eks-dev",
            "disk_size": 20,
            "force_update_version": null,
            "id": "test-eks-dev:test-eks",
            "instance_types": [
              "t3.medium"
            ],
            "labels": {
              "key": "app",
              "value": "airflow"
            },
            "launch_template": [],
            "node_group_name": "test-eks",
            "node_group_name_prefix": "",
            "node_role_arn": "arn:aws:iam::889146076393:role/test-eks-eks-cluster-role",
            "release_version": "1.19.6-20210628",
            "remote_access": [
              {
                "ec2_ssh_key": "vineet_test",
                "source_security_group_ids": [
                  "sg-052c1fe81194ee203"
                ]
              }
            ],
            "resources": [
              {
                "autoscaling_groups": [
                  {
                    "name": "eks-eabd4762-736a-0722-e22e-f46c9cffada9"
                  }
                ],
                "remote_access_security_group_id": "sg-054c8957f1d5ba2b2"
              }
            ],
            "scaling_config": [
              {
                "desired_size": 1,
                "max_size": 1,
                "min_size": 1
              }
            ],
            "status": "ACTIVE",
            "subnet_ids": [
              "subnet-02966b7b33ecd6b15",
              "subnet-0b61db8b37bbeaaca"
            ],
            "tags": null,
            "tags_all": {},
            "taint": [
              {
                "effect": "NO_SCHEDULE",
                "key": "app",
                "value": "airflow"
              }
            ],
            "timeouts": null,
            "version": "1.19"
          },
          "sensitive_attributes": [],
          "private": "eyJlMmJmYjczMC1lY2FhLTExZTYtOGY4OC0zNDM2M2JjN2M0YzAiOnsiY3JlYXRlIjozNjAwMDAwMDAwMDAwLCJkZWxldGUiOjM2MDAwMDAwMDAwMDAsInVwZGF0ZSI6MzYwMDAwMDAwMDAwMH19",
          "dependencies": [
            "aws_eks_cluster.main",
            "aws_iam_role.eks_cluster_role",
            "aws_iam_role_policy_attachment.AmazonEC2ContainerRegistryReadOnly",
            "aws_iam_role_policy_attachment.AmazonEKSWorkerNodePolicy",
            "aws_iam_role_policy_attachment.AmazonEKS_CNI_Policy",
            "aws_security_group.eks_node_security_group",
            "data.aws_subnet.private_subnet",
            "data.aws_subnet.private_subnet1"
          ]
        }
      ]
    },
    {
      "mode": "managed",
      "type": "aws_iam_policy",
      "name": "ALBIngressControllerIAMPolicy",
      "provider": "provider[\"registry.terraform.io/hashicorp/aws\"]",
      "instances": [
        {
          "schema_version": 0,
          "attributes": {
            "arn": "arn:aws:iam::889146076393:policy/ALBIngressControllerIAMPolicy",
            "description": "",
            "id": "arn:aws:iam::889146076393:policy/ALBIngressControllerIAMPolicy",
            "name": "ALBIngressControllerIAMPolicy",
            "name_prefix": null,
            "path": "/",
            "policy": "{\n  \"Version\": \"2012-10-17\",\n  \"Statement\": [\n    {\n      \"Effect\": \"Allow\",\n      \"Action\": [\n        \"acm:DescribeCertificate\",\n        \"acm:ListCertificates\",\n        \"acm:GetCertificate\"\n      ],\n      \"Resource\": \"*\"\n    },\n    {\n      \"Effect\": \"Allow\",\n      \"Action\": [\n        \"ec2:AuthorizeSecurityGroupIngress\",\n        \"ec2:CreateSecurityGroup\",\n        \"ec2:CreateTags\",\n        \"ec2:DeleteTags\",\n        \"ec2:DeleteSecurityGroup\",\n        \"ec2:DescribeAccountAttributes\",\n        \"ec2:DescribeAddresses\",\n        \"ec2:DescribeInstances\",\n        \"ec2:DescribeInstanceStatus\",\n        \"ec2:DescribeInternetGateways\",\n        \"ec2:DescribeNetworkInterfaces\",\n        \"ec2:DescribeSecurityGroups\",\n        \"ec2:DescribeSubnets\",\n        \"ec2:DescribeTags\",\n        \"ec2:DescribeVpcs\",\n        \"ec2:ModifyInstanceAttribute\",\n        \"ec2:ModifyNetworkInterfaceAttribute\",\n        \"ec2:RevokeSecurityGroupIngress\"\n      ],\n      \"Resource\": \"*\"\n    },\n    {\n      \"Effect\": \"Allow\",\n      \"Action\": [\n        \"elasticloadbalancing:AddListenerCertificates\",\n        \"elasticloadbalancing:AddTags\",\n        \"elasticloadbalancing:CreateListener\",\n        \"elasticloadbalancing:CreateLoadBalancer\",\n        \"elasticloadbalancing:CreateRule\",\n        \"elasticloadbalancing:CreateTargetGroup\",\n        \"elasticloadbalancing:DeleteListener\",\n        \"elasticloadbalancing:DeleteLoadBalancer\",\n        \"elasticloadbalancing:DeleteRule\",\n        \"elasticloadbalancing:DeleteTargetGroup\",\n        \"elasticloadbalancing:DeregisterTargets\",\n        \"elasticloadbalancing:DescribeListenerCertificates\",\n        \"elasticloadbalancing:DescribeListeners\",\n        \"elasticloadbalancing:DescribeLoadBalancers\",\n        \"elasticloadbalancing:DescribeLoadBalancerAttributes\",\n        \"elasticloadbalancing:DescribeRules\",\n        \"elasticloadbalancing:DescribeSSLPolicies\",\n        \"elasticloadbalancing:DescribeTags\",\n        \"elasticloadbalancing:DescribeTargetGroups\",\n        \"elasticloadbalancing:DescribeTargetGroupAttributes\",\n        \"elasticloadbalancing:DescribeTargetHealth\",\n        \"elasticloadbalancing:ModifyListener\",\n        \"elasticloadbalancing:ModifyLoadBalancerAttributes\",\n        \"elasticloadbalancing:ModifyRule\",\n        \"elasticloadbalancing:ModifyTargetGroup\",\n        \"elasticloadbalancing:ModifyTargetGroupAttributes\",\n        \"elasticloadbalancing:RegisterTargets\",\n        \"elasticloadbalancing:RemoveListenerCertificates\",\n        \"elasticloadbalancing:RemoveTags\",\n        \"elasticloadbalancing:SetIpAddressType\",\n        \"elasticloadbalancing:SetSecurityGroups\",\n        \"elasticloadbalancing:SetSubnets\",\n        \"elasticloadbalancing:SetWebACL\"\n      ],\n      \"Resource\": \"*\"\n    },\n    {\n      \"Effect\": \"Allow\",\n      \"Action\": [\n        \"iam:CreateServiceLinkedRole\",\n        \"iam:GetServerCertificate\",\n        \"iam:ListServerCertificates\"\n      ],\n      \"Resource\": \"*\"\n    },\n    {\n      \"Effect\": \"Allow\",\n      \"Action\": [\n        \"cognito-idp:DescribeUserPoolClient\"\n      ],\n      \"Resource\": \"*\"\n    },\n    {\n      \"Effect\": \"Allow\",\n      \"Action\": [\n        \"waf-regional:GetWebACLForResource\",\n        \"waf-regional:GetWebACL\",\n        \"waf-regional:AssociateWebACL\",\n        \"waf-regional:DisassociateWebACL\"\n      ],\n      \"Resource\": \"*\"\n    },\n    {\n      \"Effect\": \"Allow\",\n      \"Action\": [\n        \"tag:GetResources\",\n        \"tag:TagResources\"\n      ],\n      \"Resource\": \"*\"\n    },\n    {\n      \"Effect\": \"Allow\",\n      \"Action\": [\n        \"waf:GetWebACL\"\n      ],\n      \"Resource\": \"*\"\n    }\n  ]\n}\n",
            "policy_id": "ANPA46BJ4NTUSRUY3KGA4",
            "tags": {},
            "tags_all": {}
          },
          "sensitive_attributes": [],
          "private": "bnVsbA=="
        }
      ]
    },
    {
      "mode": "managed",
      "type": "aws_iam_policy",
      "name": "AmazonEKSClusterCloudWatchMetricsPolicy",
      "provider": "provider[\"registry.terraform.io/hashicorp/aws\"]",
      "instances": [
        {
          "schema_version": 0,
          "attributes": {
            "arn": "arn:aws:iam::889146076393:policy/AmazonEKSClusterCloudWatchMetricsPolicy",
            "description": "",
            "id": "arn:aws:iam::889146076393:policy/AmazonEKSClusterCloudWatchMetricsPolicy",
            "name": "AmazonEKSClusterCloudWatchMetricsPolicy",
            "name_prefix": null,
            "path": "/",
            "policy": "{\n    \"Version\": \"2012-10-17\",\n    \"Statement\": [\n        {\n            \"Action\": [\n                \"cloudwatch:PutMetricData\"\n            ],\n            \"Resource\": \"*\",\n            \"Effect\": \"Allow\"\n        }\n    ]\n}\n",
            "policy_id": "ANPA46BJ4NTU3JWVIVP2G",
            "tags": {},
            "tags_all": {}
          },
          "sensitive_attributes": [],
          "private": "bnVsbA=="
        }
      ]
    },
    {
      "mode": "managed",
      "type": "aws_iam_policy",
      "name": "AmazonEKSClusterNLBPolicy",
      "provider": "provider[\"registry.terraform.io/hashicorp/aws\"]",
      "instances": [
        {
          "schema_version": 0,
          "attributes": {
            "arn": "arn:aws:iam::889146076393:policy/AmazonEKSClusterNLBPolicy",
            "description": "",
            "id": "arn:aws:iam::889146076393:policy/AmazonEKSClusterNLBPolicy",
            "name": "AmazonEKSClusterNLBPolicy",
            "name_prefix": null,
            "path": "/",
            "policy": "{\n    \"Version\": \"2012-10-17\",\n    \"Statement\": [\n        {\n            \"Action\": [\n                \"elasticloadbalancing:*\",\n                \"ec2:CreateSecurityGroup\",\n                \"ec2:Describe*\"\n            ],\n            \"Resource\": \"*\",\n            \"Effect\": \"Allow\"\n        },\n        {\n            \"Action\": \"eks:Describe*\",\n            \"Resource\": \"*\",\n            \"Effect\": \"Allow\"\n        }\n    ]\n}\n",
            "policy_id": "ANPA46BJ4NTUQFRGWB7YW",
            "tags": {},
            "tags_all": {}
          },
          "sensitive_attributes": [],
          "private": "bnVsbA=="
        }
      ]
    },
    {
      "mode": "managed",
      "type": "aws_iam_policy",
      "name": "jenkins-access",
      "provider": "provider[\"registry.terraform.io/hashicorp/aws\"]",
      "instances": [
        {
          "schema_version": 0,
          "attributes": {
            "arn": "arn:aws:iam::889146076393:policy/jenkins-access",
            "description": "",
            "id": "arn:aws:iam::889146076393:policy/jenkins-access",
            "name": "jenkins-access",
            "name_prefix": null,
            "path": "/",
            "policy": "{\n    \"Version\": \"2012-10-17\",\n    \"Statement\": [\n        {\n            \"Effect\": \"Allow\",\n            \"Action\": [\n                \"ecr:GetDownloadUrlForLayer\",\n                \"ecr:BatchGetImage\",\n                \"ecr:BatchCheckLayerAvailability\",\n                \"ecr:PutImage\",\n                \"ecr:InitiateLayerUpload\",\n                \"ecr:UploadLayerPart\",\n                \"ecr:CompleteLayerUpload\",\n                \"ecr:GetAuthorizationToken\"\n            ],\n            \"Resource\": \"*\"\n        },\n        {\n            \"Action\": \"eks:*\",\n            \"Resource\": \"*\",\n            \"Effect\": \"Allow\"\n        },\n        {\n            \"Action\": \"iam:SimulatePrincipalPolicy\",\n            \"Resource\": \"*\",\n            \"Effect\": \"Allow\"\n        },\n        {\n            \"Action\": \"sts:AssumeRole\",\n            \"Resource\": \"*\",\n            \"Effect\": \"Allow\"\n        }\n    ]\n}\n",
            "policy_id": "ANPA46BJ4NTUVBQCHL3I7",
            "tags": {},
            "tags_all": {}
          },
          "sensitive_attributes": [],
          "private": "bnVsbA=="
        }
      ]
    },
    {
      "mode": "managed",
      "type": "aws_iam_role",
      "name": "eks_alb_ingress_controller",
      "provider": "provider[\"registry.terraform.io/hashicorp/aws\"]",
      "instances": [
        {
          "schema_version": 0,
          "attributes": {
            "arn": "arn:aws:iam::889146076393:role/eks-alb-ingress-controller",
            "assume_role_policy": "{\"Version\":\"2012-10-17\",\"Statement\":[{\"Effect\":\"Allow\",\"Principal\":{\"Federated\":\"arn:aws:iam::889146076393:oidc-provider/oidc.eks.us-west-2.amazonaws.com/id/051D853BF467DF8895A57174CE9F00F7\"},\"Action\":\"sts:AssumeRoleWithWebIdentity\",\"Condition\":{\"StringEquals\":{\"oidc.eks.us-west-2.amazonaws.com/id/051D853BF467DF8895A57174CE9F00F7:sub\":\"system:serviceaccount:kube-system:alb-ingress-controller\"}}}]}",
            "create_date": "2021-07-09T07:54:49Z",
            "description": "Permissions required by the Kubernetes AWS ALB Ingress controller to do it's job.",
            "force_detach_policies": true,
            "id": "eks-alb-ingress-controller",
            "inline_policy": [
              {
                "name": "",
                "policy": ""
              }
            ],
            "managed_policy_arns": [
              "arn:aws:iam::889146076393:policy/ALBIngressControllerIAMPolicy"
            ],
            "max_session_duration": 3600,
            "name": "eks-alb-ingress-controller",
            "name_prefix": null,
            "path": "/",
            "permissions_boundary": null,
            "tags": {},
            "tags_all": {},
            "unique_id": "AROA46BJ4NTUQAH42OTSA"
          },
          "sensitive_attributes": [],
          "private": "bnVsbA==",
          "dependencies": [
            "aws_cloudwatch_log_group.eks_cluster",
            "aws_iam_role.fargate_pod_execution_role",
            "aws_iam_role_policy_attachment.AmazonEKSClusterPolicy",
            "data.aws_vpc.main",
            "data.aws_subnet.private_subnet1",
            "aws_eks_cluster.main",
            "aws_iam_role.eks_cluster_role",
            "aws_iam_role.jenkinsrole",
            "aws_iam_role_policy_attachment.AmazonEKSServicePolicy",
            "data.aws_eks_cluster.cluster",
            "data.aws_subnet.private_subnet"
          ]
        }
      ]
    },
    {
      "mode": "managed",
      "type": "aws_iam_role",
      "name": "eks_cluster_role",
      "provider": "provider[\"registry.terraform.io/hashicorp/aws\"]",
      "instances": [
        {
          "schema_version": 0,
          "attributes": {
            "arn": "arn:aws:iam::889146076393:role/test-eks-eks-cluster-role",
            "assume_role_policy": "{\"Version\":\"2012-10-17\",\"Statement\":[{\"Effect\":\"Allow\",\"Principal\":{\"Service\":[\"codebuild.amazonaws.com\",\"eks-fargate-pods.amazonaws.com\",\"eks.amazonaws.com\",\"ec2.amazonaws.com\"]},\"Action\":\"sts:AssumeRole\"},{\"Effect\":\"Allow\",\"Principal\":{\"AWS\":[\"arn:aws:iam::889146076393:role/jenkinsrole\",\"arn:aws:iam::889146076393:root\"]},\"Action\":\"sts:AssumeRole\"}]}",
            "create_date": "2021-07-09T07:41:19Z",
            "description": "",
            "force_detach_policies": true,
            "id": "test-eks-eks-cluster-role",
            "inline_policy": [
              {
                "name": "",
                "policy": ""
              }
            ],
            "managed_policy_arns": [
              "arn:aws:iam::889146076393:policy/AmazonEKSClusterCloudWatchMetricsPolicy",
              "arn:aws:iam::889146076393:policy/AmazonEKSClusterNLBPolicy",
              "arn:aws:iam::aws:policy/AmazonEC2ContainerRegistryReadOnly",
              "arn:aws:iam::aws:policy/AmazonEKSClusterPolicy",
              "arn:aws:iam::aws:policy/AmazonEKSServicePolicy",
              "arn:aws:iam::aws:policy/AmazonEKSWorkerNodePolicy",
              "arn:aws:iam::aws:policy/AmazonEKS_CNI_Policy"
            ],
            "max_session_duration": 3600,
            "name": "test-eks-eks-cluster-role",
            "name_prefix": null,
            "path": "/",
            "permissions_boundary": null,
            "tags": {},
            "tags_all": {},
            "unique_id": "AROA46BJ4NTUWFPYGG2XU"
          },
          "sensitive_attributes": [],
          "private": "bnVsbA==",
          "dependencies": [
            "aws_iam_role.fargate_pod_execution_role",
            "aws_iam_role.jenkinsrole"
          ]
        }
      ]
    },
    {
      "mode": "managed",
      "type": "aws_iam_role",
      "name": "fargate_pod_execution_role",
      "provider": "provider[\"registry.terraform.io/hashicorp/aws\"]",
      "instances": [
        {
          "schema_version": 0,
          "attributes": {
            "arn": "arn:aws:iam::889146076393:role/test-eks-eks-fargate-pod-execution-role",
            "assume_role_policy": "{\"Version\":\"2012-10-17\",\"Statement\":[{\"Effect\":\"Allow\",\"Principal\":{\"Service\":[\"eks.amazonaws.com\",\"eks-fargate-pods.amazonaws.com\"]},\"Action\":\"sts:AssumeRole\"}]}",
            "create_date": "2021-07-09T07:40:58Z",
            "description": "",
            "force_detach_policies": true,
            "id": "test-eks-eks-fargate-pod-execution-role",
            "inline_policy": [
              {
                "name": "",
                "policy": ""
              }
            ],
            "managed_policy_arns": [
              "arn:aws:iam::aws:policy/AmazonEKSFargatePodExecutionRolePolicy"
            ],
            "max_session_duration": 3600,
            "name": "test-eks-eks-fargate-pod-execution-role",
            "name_prefix": null,
            "path": "/",
            "permissions_boundary": null,
            "tags": {},
            "tags_all": {},
            "unique_id": "AROA46BJ4NTUXEO4XFE7E"
          },
          "sensitive_attributes": [],
          "private": "bnVsbA=="
        }
      ]
    },
    {
      "mode": "managed",
      "type": "aws_iam_role",
      "name": "jenkinsrole",
      "provider": "provider[\"registry.terraform.io/hashicorp/aws\"]",
      "instances": [
        {
          "schema_version": 0,
          "attributes": {
            "arn": "arn:aws:iam::889146076393:role/jenkinsrole",
            "assume_role_policy": "{\"Version\":\"2012-10-17\",\"Statement\":[{\"Effect\":\"Allow\",\"Principal\":{\"Service\":[\"eks-fargate-pods.amazonaws.com\",\"ec2.amazonaws.com\",\"eks.amazonaws.com\"]},\"Action\":\"sts:AssumeRole\"},{\"Effect\":\"Allow\",\"Principal\":{\"AWS\":[\"arn:aws:iam::889146076393:role/test-eks-eks-fargate-pod-execution-role\",\"arn:aws:iam::889146076393:root\"]},\"Action\":\"sts:AssumeRole\"}]}",
            "create_date": "2021-07-09T07:41:12Z",
            "description": "",
            "force_detach_policies": true,
            "id": "jenkinsrole",
            "inline_policy": [
              {
                "name": "",
                "policy": ""
              }
            ],
            "managed_policy_arns": [
              "arn:aws:iam::889146076393:policy/jenkins-access",
              "arn:aws:iam::aws:policy/AmazonEKSClusterPolicy",
              "arn:aws:iam::aws:policy/AmazonEKSServicePolicy",
              "arn:aws:iam::aws:policy/AmazonEKSWorkerNodePolicy"
            ],
            "max_session_duration": 3600,
            "name": "jenkinsrole",
            "name_prefix": null,
            "path": "/",
            "permissions_boundary": null,
            "tags": {},
            "tags_all": {},
            "unique_id": "AROA46BJ4NTU3CIV4WSZ2"
          },
          "sensitive_attributes": [],
          "private": "bnVsbA==",
          "dependencies": [
            "aws_iam_role.fargate_pod_execution_role"
          ]
        }
      ]
    },
    {
      "mode": "managed",
      "type": "aws_iam_role_policy_attachment",
      "name": "ALBIngressControllerIAMPolicy",
      "provider": "provider[\"registry.terraform.io/hashicorp/aws\"]",
      "instances": [
        {
          "schema_version": 0,
          "attributes": {
            "id": "eks-alb-ingress-controller-2021070907545576540000000b",
            "policy_arn": "arn:aws:iam::889146076393:policy/ALBIngressControllerIAMPolicy",
            "role": "eks-alb-ingress-controller"
          },
          "sensitive_attributes": [],
          "private": "bnVsbA==",
          "dependencies": [
            "aws_cloudwatch_log_group.eks_cluster",
            "aws_eks_cluster.main",
            "aws_iam_role.eks_alb_ingress_controller",
            "aws_iam_role.fargate_pod_execution_role",
            "aws_iam_role_policy_attachment.AmazonEKSClusterPolicy",
            "data.aws_eks_cluster.cluster",
            "data.aws_subnet.private_subnet",
            "aws_iam_policy.ALBIngressControllerIAMPolicy",
            "aws_iam_role.eks_cluster_role",
            "aws_iam_role.jenkinsrole",
            "aws_iam_role_policy_attachment.AmazonEKSServicePolicy",
            "data.aws_subnet.private_subnet1",
            "data.aws_vpc.main"
          ]
        }
      ]
    },
    {
      "mode": "managed",
      "type": "aws_iam_role_policy_attachment",
      "name": "AmazonEC2ContainerRegistryReadOnly",
      "provider": "provider[\"registry.terraform.io/hashicorp/aws\"]",
      "instances": [
        {
          "schema_version": 0,
          "attributes": {
            "id": "test-eks-eks-cluster-role-20210710033358150200000002",
            "policy_arn": "arn:aws:iam::aws:policy/AmazonEC2ContainerRegistryReadOnly",
            "role": "test-eks-eks-cluster-role"
          },
          "sensitive_attributes": [],
          "private": "bnVsbA==",
          "dependencies": [
            "aws_iam_role.jenkinsrole",
            "aws_iam_role.eks_cluster_role",
            "aws_iam_role.fargate_pod_execution_role"
          ]
        }
      ]
    },
    {
      "mode": "managed",
      "type": "aws_iam_role_policy_attachment",
      "name": "AmazonEKSCloudWatchMetricsPolicy",
      "provider": "provider[\"registry.terraform.io/hashicorp/aws\"]",
      "instances": [
        {
          "schema_version": 0,
          "attributes": {
            "id": "test-eks-eks-cluster-role-20210709074124458500000008",
            "policy_arn": "arn:aws:iam::889146076393:policy/AmazonEKSClusterCloudWatchMetricsPolicy",
            "role": "test-eks-eks-cluster-role"
          },
          "sensitive_attributes": [],
          "private": "bnVsbA==",
          "dependencies": [
            "aws_iam_role.eks_cluster_role",
            "aws_iam_role.fargate_pod_execution_role",
            "aws_iam_role.jenkinsrole",
            "aws_iam_policy.AmazonEKSClusterCloudWatchMetricsPolicy"
          ]
        }
      ]
    },
    {
      "mode": "managed",
      "type": "aws_iam_role_policy_attachment",
      "name": "AmazonEKSCluserNLBPolicy",
      "provider": "provider[\"registry.terraform.io/hashicorp/aws\"]",
      "instances": [
        {
          "schema_version": 0,
          "attributes": {
            "id": "test-eks-eks-cluster-role-20210709074124420900000006",
            "policy_arn": "arn:aws:iam::889146076393:policy/AmazonEKSClusterNLBPolicy",
            "role": "test-eks-eks-cluster-role"
          },
          "sensitive_attributes": [],
          "private": "bnVsbA==",
          "dependencies": [
            "aws_iam_policy.AmazonEKSClusterNLBPolicy",
            "aws_iam_role.eks_cluster_role",
            "aws_iam_role.fargate_pod_execution_role",
            "aws_iam_role.jenkinsrole"
          ]
        }
      ]
    },
    {
      "mode": "managed",
      "type": "aws_iam_role_policy_attachment",
      "name": "AmazonEKSClusterPolicy",
      "provider": "provider[\"registry.terraform.io/hashicorp/aws\"]",
      "instances": [
        {
          "schema_version": 0,
          "attributes": {
            "id": "test-eks-eks-cluster-role-20210709074124463300000009",
            "policy_arn": "arn:aws:iam::aws:policy/AmazonEKSClusterPolicy",
            "role": "test-eks-eks-cluster-role"
          },
          "sensitive_attributes": [],
          "private": "bnVsbA==",
          "dependencies": [
            "aws_iam_role.eks_cluster_role",
            "aws_iam_role.fargate_pod_execution_role",
            "aws_iam_role.jenkinsrole"
          ]
        }
      ]
    },
    {
      "mode": "managed",
      "type": "aws_iam_role_policy_attachment",
      "name": "AmazonEKSClusterPolicy_jenkins",
      "provider": "provider[\"registry.terraform.io/hashicorp/aws\"]",
      "instances": [
        {
          "schema_version": 0,
          "attributes": {
            "id": "jenkinsrole-20210709074117466700000002",
            "policy_arn": "arn:aws:iam::aws:policy/AmazonEKSClusterPolicy",
            "role": "jenkinsrole"
          },
          "sensitive_attributes": [],
          "private": "bnVsbA==",
          "dependencies": [
            "aws_iam_role.fargate_pod_execution_role",
            "aws_iam_role.jenkinsrole"
          ]
        }
      ]
    },
    {
      "mode": "managed",
      "type": "aws_iam_role_policy_attachment",
      "name": "AmazonEKSFargatePodExecutionRolePolicy",
      "provider": "provider[\"registry.terraform.io/hashicorp/aws\"]",
      "instances": [
        {
          "schema_version": 0,
          "attributes": {
            "id": "test-eks-eks-fargate-pod-execution-role-20210709074103741500000001",
            "policy_arn": "arn:aws:iam::aws:policy/AmazonEKSFargatePodExecutionRolePolicy",
            "role": "test-eks-eks-fargate-pod-execution-role"
          },
          "sensitive_attributes": [],
          "private": "bnVsbA==",
          "dependencies": [
            "aws_iam_role.fargate_pod_execution_role"
          ]
        }
      ]
    },
    {
      "mode": "managed",
      "type": "aws_iam_role_policy_attachment",
      "name": "AmazonEKSServicePolicy",
      "provider": "provider[\"registry.terraform.io/hashicorp/aws\"]",
      "instances": [
        {
          "schema_version": 0,
          "attributes": {
            "id": "test-eks-eks-cluster-role-20210709074124458200000007",
            "policy_arn": "arn:aws:iam::aws:policy/AmazonEKSServicePolicy",
            "role": "test-eks-eks-cluster-role"
          },
          "sensitive_attributes": [],
          "private": "bnVsbA==",
          "dependencies": [
            "aws_iam_role.eks_cluster_role",
            "aws_iam_role.fargate_pod_execution_role",
            "aws_iam_role.jenkinsrole"
          ]
        }
      ]
    },
    {
      "mode": "managed",
      "type": "aws_iam_role_policy_attachment",
      "name": "AmazonEKSServicePolicy_jenkins",
      "provider": "provider[\"registry.terraform.io/hashicorp/aws\"]",
      "instances": [
        {
          "schema_version": 0,
          "attributes": {
            "id": "jenkinsrole-20210709074117483200000004",
            "policy_arn": "arn:aws:iam::aws:policy/AmazonEKSServicePolicy",
            "role": "jenkinsrole"
          },
          "sensitive_attributes": [],
          "private": "bnVsbA==",
          "dependencies": [
            "aws_iam_role.fargate_pod_execution_role",
            "aws_iam_role.jenkinsrole"
          ]
        }
      ]
    },
    {
      "mode": "managed",
      "type": "aws_iam_role_policy_attachment",
      "name": "AmazonEKSWorkerNodePolicy",
      "provider": "provider[\"registry.terraform.io/hashicorp/aws\"]",
      "instances": [
        {
          "schema_version": 0,
          "attributes": {
            "id": "test-eks-eks-cluster-role-20210710033358103900000001",
            "policy_arn": "arn:aws:iam::aws:policy/AmazonEKSWorkerNodePolicy",
            "role": "test-eks-eks-cluster-role"
          },
          "sensitive_attributes": [],
          "private": "bnVsbA==",
          "dependencies": [
            "aws_iam_role.eks_cluster_role",
            "aws_iam_role.fargate_pod_execution_role",
            "aws_iam_role.jenkinsrole"
          ]
        }
      ]
    },
    {
      "mode": "managed",
      "type": "aws_iam_role_policy_attachment",
      "name": "AmazonEKSWorkerNodePolicy_jenkins",
      "provider": "provider[\"registry.terraform.io/hashicorp/aws\"]",
      "instances": [
        {
          "schema_version": 0,
          "attributes": {
            "id": "jenkinsrole-20210709074117481400000003",
            "policy_arn": "arn:aws:iam::aws:policy/AmazonEKSWorkerNodePolicy",
            "role": "jenkinsrole"
          },
          "sensitive_attributes": [],
          "private": "bnVsbA==",
          "dependencies": [
            "aws_iam_role.fargate_pod_execution_role",
            "aws_iam_role.jenkinsrole"
          ]
        }
      ]
    },
    {
      "mode": "managed",
      "type": "aws_iam_role_policy_attachment",
      "name": "AmazonEKS_CNI_Policy",
      "provider": "provider[\"registry.terraform.io/hashicorp/aws\"]",
      "instances": [
        {
          "schema_version": 0,
          "attributes": {
            "id": "test-eks-eks-cluster-role-20210710033358169000000003",
            "policy_arn": "arn:aws:iam::aws:policy/AmazonEKS_CNI_Policy",
            "role": "test-eks-eks-cluster-role"
          },
          "sensitive_attributes": [],
          "private": "bnVsbA==",
          "dependencies": [
            "aws_iam_role.eks_cluster_role",
            "aws_iam_role.fargate_pod_execution_role",
            "aws_iam_role.jenkinsrole"
          ]
        }
      ]
    },
    {
      "mode": "managed",
      "type": "aws_iam_role_policy_attachment",
      "name": "jenkins-access",
      "provider": "provider[\"registry.terraform.io/hashicorp/aws\"]",
      "instances": [
        {
          "schema_version": 0,
          "attributes": {
            "id": "jenkinsrole-20210709074117489300000005",
            "policy_arn": "arn:aws:iam::889146076393:policy/jenkins-access",
            "role": "jenkinsrole"
          },
          "sensitive_attributes": [],
          "private": "bnVsbA==",
          "dependencies": [
            "aws_iam_policy.jenkins-access",
            "aws_iam_role.fargate_pod_execution_role",
            "aws_iam_role.jenkinsrole"
          ]
        }
      ]
    },
    {
      "mode": "managed",
      "type": "aws_security_group",
      "name": "eks_node_security_group",
      "provider": "provider[\"registry.terraform.io/hashicorp/aws\"]",
      "instances": [
        {
          "schema_version": 1,
          "attributes": {
            "arn": "arn:aws:ec2:us-west-2:889146076393:security-group/sg-052c1fe81194ee203",
            "description": "Security group for EKS nodes",
            "egress": [],
            "id": "sg-052c1fe81194ee203",
            "ingress": [
              {
                "cidr_blocks": [
                  "0.0.0.0/0"
                ],
                "description": "",
                "from_port": 8080,
                "ipv6_cidr_blocks": [],
                "prefix_list_ids": [],
                "protocol": "tcp",
                "security_groups": [],
                "self": false,
                "to_port": 8080
              }
            ],
            "name": "eks_node_security_group",
            "name_prefix": "",
            "owner_id": "889146076393",
            "revoke_rules_on_delete": false,
            "tags": {
              "Application": "Datalake",
              "Brand": "Monetize",
              "Creator": "Terraform",
              "DataClassification": "Sensitive",
              "Environment": "Development",
              "Team": "DataPlatformTeam"
            },
            "tags_all": {
              "Application": "Datalake",
              "Brand": "Monetize",
              "Creator": "Terraform",
              "DataClassification": "Sensitive",
              "Environment": "Development",
              "Team": "DataPlatformTeam"
            },
            "timeouts": null,
            "vpc_id": "vpc-0b3ee06ddd76289c6"
          },
          "sensitive_attributes": [],
          "private": "eyJlMmJmYjczMC1lY2FhLTExZTYtOGY4OC0zNDM2M2JjN2M0YzAiOnsiY3JlYXRlIjo2MDAwMDAwMDAwMDAsImRlbGV0ZSI6OTAwMDAwMDAwMDAwfSwic2NoZW1hX3ZlcnNpb24iOiIxIn0=",
          "dependencies": [
            "data.aws_vpc.main"
          ]
        }
      ]
    }
  ]
}
